
Microsoft Visual Studio Solution File, Format Version 12.00
# Visual Studio Version 17
VisualStudioVersion = 17.5.33530.505
MinimumVisualStudioVersion = 10.0.40219.1
Project("{FAE04EC0-301F-11D3-BF4B-00C04F79EFBC}") = "lab_05_q3", "lab_05_q3.csproj", "{F01F0E56-FDBD-4148-8DF1-5BEF30A5BDEB}"
EndProject
Global
	GlobalSection(SolutionConfigurationPlatforms) = preSolution
		Debug|Any CPU = Debug|Any CPU
		Release|Any CPU = Release|Any CPU
	EndGlobalSection
	GlobalSection(ProjectConfigurationPlatforms) = postSolution
		{F01F0E56-FDBD-4148-8DF1-5BEF30A5BDEB}.Debug|Any CPU.ActiveCfg = Debug|Any CPU
		{F01F0E56-FDBD-4148-8DF1-5BEF30A5BDEB}.Debug|Any CPU.Build.0 = Debug|Any CPU
		{F01F0E56-FDBD-4148-8DF1-5BEF30A5BDEB}.Release|Any CPU.ActiveCfg = Release|Any CPU
		{F01F0E56-FDBD-4148-8DF1-5BEF30A5BDEB}.Release|Any CPU.Build.0 = Release|Any CPU
	EndGlobalSection
	GlobalSection(SolutionProperties) = preSolution
		HideSolutionNode = FALSE
	EndGlobalSection
	GlobalSection(ExtensibilityGlobals) = postSolution
		SolutionGuid = {29B76E5C-31BC-4759-8F50-4F772D7AB4FC}
	EndGlobalSection
EndGlobal
