
Microsoft Visual Studio Solution File, Format Version 12.00
# Visual Studio Version 17
VisualStudioVersion = 17.5.33530.505
MinimumVisualStudioVersion = 10.0.40219.1
Project("{FAE04EC0-301F-11D3-BF4B-00C04F79EFBC}") = "kmTom", "kmTom.csproj", "{C750963C-26DB-42C5-8062-1B290AA19712}"
EndProject
Global
	GlobalSection(SolutionConfigurationPlatforms) = preSolution
		Debug|Any CPU = Debug|Any CPU
		Release|Any CPU = Release|Any CPU
	EndGlobalSection
	GlobalSection(ProjectConfigurationPlatforms) = postSolution
		{C750963C-26DB-42C5-8062-1B290AA19712}.Debug|Any CPU.ActiveCfg = Debug|Any CPU
		{C750963C-26DB-42C5-8062-1B290AA19712}.Debug|Any CPU.Build.0 = Debug|Any CPU
		{C750963C-26DB-42C5-8062-1B290AA19712}.Release|Any CPU.ActiveCfg = Release|Any CPU
		{C750963C-26DB-42C5-8062-1B290AA19712}.Release|Any CPU.Build.0 = Release|Any CPU
	EndGlobalSection
	GlobalSection(SolutionProperties) = preSolution
		HideSolutionNode = FALSE
	EndGlobalSection
	GlobalSection(ExtensibilityGlobals) = postSolution
		SolutionGuid = {8217EFAB-5997-41C4-AA02-CA5AA31D593F}
	EndGlobalSection
EndGlobal
